# This file is automatically @generated by Cargo.
# It is not intended for manual editing.
version = 3

[[package]]
name = "libc"
version = "0.2.189"
source = "registry+https://github.com/rust-lang/crates.io-index"
checksum = "3eaf3ede3fee6db1a4c2ee091bf8a8b4dccdc6d17f656fb07896ee72867612f2"

[[package]]
name = "vdb-bench"
version = "0.0.1"
dependencies = [
 "libc",
 "vdb-core",
 "vdb-storage-memory",
 "vdb-storage-os",
 "vdb-testkit",
]

[[package]]
name = "vdb-cli"
version = "0.0.1"
dependencies = [
 "vdb-core",
 "vdb-format",
 "vdb-storage-os",
]

[[package]]
name = "vdb-core"
version = "0.0.1"
dependencies = [
 "vdb-format",
 "vdb-storage-memory",
 "vdb-testkit",
]

[[package]]
name = "vdb-format"
version = "0.0.1"

[[package]]
name = "vdb-index-flat"
version = "0.0.1"
dependencies = [
 "vdb-core",
 "vdb-testkit",
]

[[package]]
name = "vdb-storage-memory"
version = "0.0.1"
dependencies = [
 "vdb-core",
 "vdb-testkit",
]

[[package]]
name = "vdb-storage-os"
version = "0.0.1"
dependencies = [
 "libc",
 "vdb-core",
 "vdb-testkit",
]

[[package]]
name = "vdb-testkit"
version = "0.0.1"
dependencies = [
 "vdb-core",
]
