# This file is automatically @generated by Cargo.
# It is not intended for manual editing.
version = 3

[[package]]
name = "vdb-core"
version = "0.0.1"
dependencies = [
 "vdb-format",
]

[[package]]
name = "vdb-format"
version = "0.0.1"

[[package]]
name = "vdb-storage-memory"
version = "0.0.1"
dependencies = [
 "vdb-core",
 "vdb-testkit",
]

[[package]]
name = "vdb-testkit"
version = "0.0.1"
dependencies = [
 "vdb-core",
]
